
Microsoft Visual Studio Solution File, Format Version 12.00
# Visual Studio Version 16
VisualStudioVersion = 16.0.31205.134
MinimumVisualStudioVersion = 10.0.40219.1
Project("{9A19103F-16F7-4668-BE54-9A1E7A4F7556}") = "SPM-Project", "SPM-Project.csproj", "{8967BB3E-3581-4D77-951D-DD7880DE9ABE}"
EndProject
Project("{9A19103F-16F7-4668-BE54-9A1E7A4F7556}") = "SPM-ProjectTests", "..\SPM-ProjectTests\SPM-ProjectTests.csproj", "{EDAD5263-0ECD-4FE5-AF7C-D370EF6FC98A}"
EndProject
Global
	GlobalSection(SolutionConfigurationPlatforms) = preSolution
		Debug|Any CPU = Debug|Any CPU
		Release|Any CPU = Release|Any CPU
	EndGlobalSection
	GlobalSection(ProjectConfigurationPlatforms) = postSolution
		{8967BB3E-3581-4D77-951D-DD7880DE9ABE}.Debug|Any CPU.ActiveCfg = Debug|Any CPU
		{8967BB3E-3581-4D77-951D-DD7880DE9ABE}.Debug|Any CPU.Build.0 = Debug|Any CPU
		{8967BB3E-3581-4D77-951D-DD7880DE9ABE}.Release|Any CPU.ActiveCfg = Release|Any CPU
		{8967BB3E-3581-4D77-951D-DD7880DE9ABE}.Release|Any CPU.Build.0 = Release|Any CPU
		{EDAD5263-0ECD-4FE5-AF7C-D370EF6FC98A}.Debug|Any CPU.ActiveCfg = Debug|Any CPU
		{EDAD5263-0ECD-4FE5-AF7C-D370EF6FC98A}.Debug|Any CPU.Build.0 = Debug|Any CPU
		{EDAD5263-0ECD-4FE5-AF7C-D370EF6FC98A}.Release|Any CPU.ActiveCfg = Release|Any CPU
		{EDAD5263-0ECD-4FE5-AF7C-D370EF6FC98A}.Release|Any CPU.Build.0 = Release|Any CPU
	EndGlobalSection
	GlobalSection(SolutionProperties) = preSolution
		HideSolutionNode = FALSE
	EndGlobalSection
	GlobalSection(ExtensibilityGlobals) = postSolution
		SolutionGuid = {E356F304-96F1-4CEB-81BE-1351EA04ADAA}
	EndGlobalSection
EndGlobal
